
Microsoft Visual Studio Solution File, Format Version 12.00
# Visual Studio 2013
VisualStudioVersion = 12.0.0.0
MinimumVisualStudioVersion = 10.0.0.1
Project("{FAE04EC0-301F-11D3-BF4B-00C04F79EFBC}") = "AcmePosCs", "AcmePosCs\AcmePosCs.csproj", "{97E0041F-9050-4314-A619-1187B145B05D}"
EndProject
Project("{2150E333-8FDC-42A3-9474-1A3956D46DE8}") = "Solution Items", "Solution Items", "{4403BC3E-C6EB-4B6C-963B-5BC3C2BB9419}"
	ProjectSection(SolutionItems) = preProject
		Readme.md = Readme.md
	EndProjectSection
EndProject
Project("{FAE04EC0-301F-11D3-BF4B-00C04F79EFBC}") = "AcmePosWF", "AcmePosWF\AcmePosWF.csproj", "{4FCAB0D7-0E2C-41FE-92CD-A1223390A70A}"
EndProject
Project("{FAE04EC0-301F-11D3-BF4B-00C04F79EFBC}") = "KebabPos", "KebabPos\KebabPos.csproj", "{5CC27880-DC49-4B9A-8442-8E4684E8B566}"
EndProject
Project("{FAE04EC0-301F-11D3-BF4B-00C04F79EFBC}") = "MotelPos", "MotelPos\MotelPos.csproj", "{06B6BFB0-8558-483F-A1C7-6BEF8E124D54}"
EndProject
Project("{FAE04EC0-301F-11D3-BF4B-00C04F79EFBC}") = "TablePos", "TablePos\TablePos.csproj", "{4C93962A-0BD3-4F1B-8533-B92EC56C0E54}"
EndProject
Global
	GlobalSection(SolutionConfigurationPlatforms) = preSolution
		Debug|Any CPU = Debug|Any CPU
		Release|Any CPU = Release|Any CPU
	EndGlobalSection
	GlobalSection(ProjectConfigurationPlatforms) = postSolution
		{97E0041F-9050-4314-A619-1187B145B05D}.Debug|Any CPU.ActiveCfg = Debug|Any CPU
		{97E0041F-9050-4314-A619-1187B145B05D}.Debug|Any CPU.Build.0 = Debug|Any CPU
		{97E0041F-9050-4314-A619-1187B145B05D}.Release|Any CPU.ActiveCfg = Release|Any CPU
		{97E0041F-9050-4314-A619-1187B145B05D}.Release|Any CPU.Build.0 = Release|Any CPU
		{4FCAB0D7-0E2C-41FE-92CD-A1223390A70A}.Debug|Any CPU.ActiveCfg = Debug|Any CPU
		{4FCAB0D7-0E2C-41FE-92CD-A1223390A70A}.Debug|Any CPU.Build.0 = Debug|Any CPU
		{4FCAB0D7-0E2C-41FE-92CD-A1223390A70A}.Release|Any CPU.ActiveCfg = Release|Any CPU
		{4FCAB0D7-0E2C-41FE-92CD-A1223390A70A}.Release|Any CPU.Build.0 = Release|Any CPU
		{5CC27880-DC49-4B9A-8442-8E4684E8B566}.Debug|Any CPU.ActiveCfg = Debug|Any CPU
		{5CC27880-DC49-4B9A-8442-8E4684E8B566}.Debug|Any CPU.Build.0 = Debug|Any CPU
		{5CC27880-DC49-4B9A-8442-8E4684E8B566}.Release|Any CPU.ActiveCfg = Release|Any CPU
		{5CC27880-DC49-4B9A-8442-8E4684E8B566}.Release|Any CPU.Build.0 = Release|Any CPU
		{06B6BFB0-8558-483F-A1C7-6BEF8E124D54}.Debug|Any CPU.ActiveCfg = Debug|Any CPU
		{06B6BFB0-8558-483F-A1C7-6BEF8E124D54}.Debug|Any CPU.Build.0 = Debug|Any CPU
		{06B6BFB0-8558-483F-A1C7-6BEF8E124D54}.Release|Any CPU.ActiveCfg = Release|Any CPU
		{06B6BFB0-8558-483F-A1C7-6BEF8E124D54}.Release|Any CPU.Build.0 = Release|Any CPU
		{4C93962A-0BD3-4F1B-8533-B92EC56C0E54}.Debug|Any CPU.ActiveCfg = Debug|Any CPU
		{4C93962A-0BD3-4F1B-8533-B92EC56C0E54}.Debug|Any CPU.Build.0 = Debug|Any CPU
		{4C93962A-0BD3-4F1B-8533-B92EC56C0E54}.Release|Any CPU.ActiveCfg = Release|Any CPU
		{4C93962A-0BD3-4F1B-8533-B92EC56C0E54}.Release|Any CPU.Build.0 = Release|Any CPU
	EndGlobalSection
	GlobalSection(SolutionProperties) = preSolution
		HideSolutionNode = FALSE
	EndGlobalSection
EndGlobal
